
Microsoft Visual Studio Solution File, Format Version 12.00
# Visual Studio 2012
Project("{FAE04EC0-301F-11D3-BF4B-00C04F79EFBC}") = "Crossroads.Microservice.Settings", "Crossroads.Microservice.Settings\Crossroads.Microservice.Settings.csproj", "{026E0106-E10F-4BC3-9B2C-9D9224C9623B}"
EndProject
Global
	GlobalSection(SolutionConfigurationPlatforms) = preSolution
		Debug|Any CPU = Debug|Any CPU
		Release|Any CPU = Release|Any CPU
	EndGlobalSection
	GlobalSection(ProjectConfigurationPlatforms) = postSolution
		{026E0106-E10F-4BC3-9B2C-9D9224C9623B}.Debug|Any CPU.ActiveCfg = Debug|Any CPU
		{026E0106-E10F-4BC3-9B2C-9D9224C9623B}.Debug|Any CPU.Build.0 = Debug|Any CPU
		{026E0106-E10F-4BC3-9B2C-9D9224C9623B}.Release|Any CPU.ActiveCfg = Release|Any CPU
		{026E0106-E10F-4BC3-9B2C-9D9224C9623B}.Release|Any CPU.Build.0 = Release|Any CPU
	EndGlobalSection
EndGlobal
